// !$*UTF8*$!
{
	archiveVersion = 1;
	classes = {
	};
	objectVersion = 77;
	objects = {

/* Begin PBXContainerItemProxy section */
		2436B7282F31198C00F6E27E /* PBXContainerItemProxy */ = {
			isa = PBXContainerItemProxy;
			containerPortal = 2436B7122F31198A00F6E27E /* Project object */;
			proxyType = 1;
			remoteGlobalIDString = 2436B7192F31198A00F6E27E;
			remoteInfo = WeatherAppAssignment;
		};
		2436B7322F31198C00F6E27E /* PBXContainerItemProxy */ = {
			isa = PBXContainerItemProxy;
			containerPortal = 2436B7122F31198A00F6E27E /* Project object */;
			proxyType = 1;
			remoteGlobalIDString = 2436B7192F31198A00F6E27E;
			remoteInfo = WeatherAppAssignment;
		};
/* End PBXContainerItemProxy section */

/* Begin PBXFileReference section */
		2436B71A2F31198A00F6E27E /* WeatherAppAssignment.app */ = {isa = PBXFileReference; explicitFileType = wrapper.application; includeInIndex = 0; path = WeatherAppAssignment.app; sourceTree = BUILT_PRODUCTS_DIR; };
		2436B7272F31198C00F6E27E /* WeatherAppAssignmentTests.xctest */ = {isa = PBXFileReference; explicitFileType = wrapper.cfbundle; includeInIndex = 0; path = WeatherAppAssignmentTests.xctest; sourceTree = BUILT_PRODUCTS_DIR; };
		2436B7312F31198C00F6E27E /* WeatherAppAssignmentUITests.xctest */ = {isa = PBXFileReference; explicitFileType = wrapper.cfbundle; includeInIndex = 0; path = WeatherAppAssignmentUITests.xctest; sourceTree = BUILT_PRODUCTS_DIR; };
/* End PBXFileReference section */

/* Begin PBXFileSystemSynchronizedBuildFileExceptionSet section */
		2436B7552F312FE000F6E27E /* Exceptions for "WeatherAppAssignment" folder in "WeatherAppAssignment" target */ = {
			isa = PBXFileSystemSynchronizedBuildFileExceptionSet;
			membershipExceptions = (
				Info.plist,
			);
			target = 2436B7192F31198A00F6E27E /* WeatherAppAssignment */;
		};
/* End PBXFileSystemSynchronizedBuildFileExceptionSet section */

/* Begin PBXFileSystemSynchronizedRootGroup section */
		2436B71C2F31198A00F6E27E /* WeatherAppAssignment */ = {
			isa = PBXFileSystemSynchronizedRootGroup;
			exceptions = (
				2436B7552F312FE000F6E27E /* Exceptions for "WeatherAppAssignment" folder in "WeatherAppAssignment" target */,
			);
			path = WeatherAppAssignment;
			sourceTree = "<group>";
		};
		2436B72A2F31198C00F6E27E /* WeatherAppAssignmentTests */ = {
			isa = PBXFileSystemSynchronizedRootGroup;
			path = WeatherAppAssignmentTests;
			sourceTree = "<group>";
		};
		2436B7342F31198C00F6E27E /* WeatherAppAssignmentUITests */ = {
			isa = PBXFileSystemSynchronizedRootGroup;
			path = WeatherAppAssignmentUITests;
			sourceTree = "<group>";
		};
/* End PBXFileSystemSynchronizedRootGroup section */

/* Begin PBXFrameworksBuildPhase section */
		2436B7172F31198A00F6E27E /* Frameworks */ = {
			isa = PBXFrameworksBuildPhase;
			buildActionMask = 2147483647;
			files = (
			);
			runOnlyForDeploymentPostprocessing = 0;
		};
		2436B7242F31198C00F6E27E /* Frameworks */ = {
			isa = PBXFrameworksBuildPhase;
			buildActionMask = 2147483647;
			files = (
			);
			runOnlyForDeploymentPostprocessing = 0;
		};
		2436B72E2F31198C00F6E27E /* Frameworks */ = {
			isa = PBXFrameworksBuildPhase;
			buildActionMask = 2147483647;
			files = (
			);
			runOnlyForDeploymentPostprocessing = 0;
		};
/* End PBXFrameworksBuildPhase section */

/* Begin PBXGroup section */
		2436B7112F31198A00F6E27E = {
			isa = PBXGroup;
			children = (
				2436B71C2F31198A00F6E27E /* WeatherAppAssignment */,
				2436B72A2F31198C00F6E27E /* WeatherAppAssignmentTests */,
				2436B7342F31198C00F6E27E /* WeatherAppAssignmentUITests */,
				2436B71B2F31198A00F6E27E /* Products */,
			);
			sourceTree = "<group>";
		};
		2436B71B2F31198A00F6E27E /* Products */ = {
			isa = PBXGroup;
			children = (
				2436B71A2F31198A00F6E27E /* WeatherAppAssignment.app */,
				2436B7272F31198C00F6E27E /* WeatherAppAssignmentTests.xctest */,
				2436B7312F31198C00F6E27E /* WeatherAppAssignmentUITests.xctest */,
			);
			name = Products;
			sourceTree = "<group>";
		};
/* End PBXGroup section */

/* Begin PBXNativeTarget section */
		2436B7192F31198A00F6E27E /* WeatherAppAssignment */ = {
			isa = PBXNativeTarget;
			buildConfigurationList = 2436B73B2F31198C00F6E27E /* Build configuration list for PBXNativeTarget "WeatherAppAssignment" */;
			buildPhases = (
				2436B7162F31198A00F6E27E /* Sources */,
				2436B7172F31198A00F6E27E /* Frameworks */,
				2436B7182F31198A00F6E27E /* Resources */,
			);
			buildRules = (
			);
			dependencies = (
			);
			fileSystemSynchronizedGroups = (
				2436B71C2F31198A00F6E27E /* WeatherAppAssignment */,
			);
			name = WeatherAppAssignment;
			packageProductDependencies = (
			);
			productName = WeatherAppAssignment;
			productReference = 2436B71A2F31198A00F6E27E /* WeatherAppAssignment.app */;
			productType = "com.apple.product-type.application";
		};
		2436B7262F31198C00F6E27E /* WeatherAppAssignmentTests */ = {
			isa = PBXNativeTarget;
			buildConfigurationList = 2436B73E2F31198C00F6E27E /* Build configuration list for PBXNativeTarget "WeatherAppAssignmentTests" */;
			buildPhases = (
				2436B7232F31198C00F6E27E /* Sources */,
				2436B7242F31198C00F6E27E /* Frameworks */,
				2436B7252F31198C00F6E27E /* Resources */,
			);
			buildRules = (
			);
			dependencies = (
				2436B7292F31198C00F6E27E /* PBXTargetDependency */,
			);
			fileSystemSynchronizedGroups = (
				2436B72A2F31198C00F6E27E /* WeatherAppAssignmentTests */,
			);
			name = WeatherAppAssignmentTests;
			packageProductDependencies = (
			);
			productName = WeatherAppAssignmentTests;
			productReference = 2436B7272F31198C00F6E27E /* WeatherAppAssignmentTests.xctest */;
			productType = "com.apple.product-type.bundle.unit-test";
		};
		2436B7302F31198C00F6E27E /* WeatherAppAssignmentUITests */ = {
			isa = PBXNativeTarget;
			buildConfigurationList = 2436B7412F31198C00F6E27E /* Build configuration list for PBXNativeTarget "WeatherAppAssignmentUITests" */;
			buildPhases = (
				2436B72D2F31198C00F6E27E /* Sources */,
				2436B72E2F31198C00F6E27E /* Frameworks */,
				2436B72F2F31198C00F6E27E /* Resources */,
			);
			buildRules = (
			);
			dependencies = (
				2436B7332F31198C00F6E27E /* PBXTargetDependency */,
			);
			fileSystemSynchronizedGroups = (
				2436B7342F31198C00F6E27E /* WeatherAppAssignmentUITests */,
			);
			name = WeatherAppAssignmentUITests;
			packageProductDependencies = (
			);
			productName = WeatherAppAssignmentUITests;
			productReference = 2436B7312F31198C00F6E27E /* WeatherAppAssignmentUITests.xctest */;
			productType = "com.apple.product-type.bundle.ui-testing";
		};
/* End PBXNativeTarget section */

/* Begin PBXProject section */
		2436B7122F31198A00F6E27E /* Project object */ = {
			isa = PBXProject;
			attributes = {
				BuildIndependentTargetsInParallel = 1;
				LastSwiftUpdateCheck = 2610;
				LastUpgradeCheck = 2610;
				TargetAttributes = {
					2436B7192F31198A00F6E27E = {
						CreatedOnToolsVersion = 26.1.1;
					};
					2436B7262F31198C00F6E27E = {
						CreatedOnToolsVersion = 26.1.1;
						TestTargetID = 2436B7192F31198A00F6E27E;
					};
					2436B7302F31198C00F6E27E = {
						CreatedOnToolsVersion = 26.1.1;
						TestTargetID = 2436B7192F31198A00F6E27E;
					};
				};
			};
			buildConfigurationList = 2436B7152F31198A00F6E27E /* Build configuration list for PBXProject "WeatherAppAssignment" */;
			developmentRegion = en;
			hasScannedForEncodings = 0;
			knownRegions = (
				en,
				Base,
			);
			mainGroup = 2436B7112F31198A00F6E27E;
			minimizedProjectReferenceProxies = 1;
			preferredProjectObjectVersion = 77;
			productRefGroup = 2436B71B2F31198A00F6E27E /* Products */;
			projectDirPath = "";
			projectRoot = "";
			targets = (
				2436B7192F31198A00F6E27E /* WeatherAppAssignment */,
				2436B7262F31198C00F6E27E /* WeatherAppAssignmentTests */,
				2436B7302F31198C00F6E27E /* WeatherAppAssignmentUITests */,
			);
		};
/* End PBXProject section */

/* Begin PBXResourcesBuildPhase section */
		2436B7182F31198A00F6E27E /* Resources */ = {
			isa = PBXResourcesBuildPhase;
			buildActionMask = 2147483647;
			files = (
			);
			runOnlyForDeploymentPostprocessing = 0;
		};
		2436B7252F31198C00F6E27E /* Resources */ = {
			isa = PBXResourcesBuildPhase;
			buildActionMask = 2147483647;
			files = (
			);
			runOnlyForDeploymentPostprocessing = 0;
		};
		2436B72F2F31198C00F6E27E /* Resources */ = {
			isa = PBXResourcesBuildPhase;
			buildActionMask = 2147483647;
			files = (
			);
			runOnlyForDeploymentPostprocessing = 0;
		};
/* End PBXResourcesBuildPhase section */

/* Begin PBXSourcesBuildPhase section */
		2436B7162F31198A00F6E27E /* Sources */ = {
			isa = PBXSourcesBuildPhase;
			buildActionMask = 2147483647;
			files = (
			);
			runOnlyForDeploymentPostprocessing = 0;
		};
		2436B7232F31198C00F6E27E /* Sources */ = {
			isa = PBXSourcesBuildPhase;
			buildActionMask = 2147483647;
			files = (
			);
			runOnlyForDeploymentPostprocessing = 0;
		};
		2436B72D2F31198C00F6E27E /* Sources */ = {
			isa = PBXSourcesBuildPhase;
			buildActionMask = 2147483647;
			files = (
			);
			runOnlyForDeploymentPostprocessing = 0;
		};
/* End PBXSourcesBuildPhase section */

/* Begin PBXTargetDependency section */
		2436B7292F31198C00F6E27E /* PBXTargetDependency */ = {
			isa = PBXTargetDependency;
			target = 2436B7192F31198A00F6E27E /* WeatherAppAssignment */;
			targetProxy = 2436B7282F31198C00F6E27E /* PBXContainerItemProxy */;
		};
		2436B7332F31198C00F6E27E /* PBXTargetDependency */ = {
			isa = PBXTargetDependency;
			target = 2436B7192F31198A00F6E27E /* WeatherAppAssignment */;
			targetProxy = 2436B7322F31198C00F6E27E /* PBXContainerItemProxy */;
		};
/* End PBXTargetDependency section */

/* Begin XCBuildConfiguration section */
		2436B7392F31198C00F6E27E /* Debug */ = {
			isa = XCBuildConfiguration;
			buildSettings = {
				ALWAYS_SEARCH_USER_PATHS = NO;
				ASSETCATALOG_COMPILER_GENERATE_SWIFT_ASSET_SYMBOL_EXTENSIONS = YES;
				CLANG_ANALYZER_NONNULL = YES;
				CLANG_ANALYZER_NUMBER_OBJECT_CONVERSION = YES_AGGRESSIVE;
				CLANG_CXX_LANGUAGE_STANDARD = "gnu++20";
				CLANG_ENABLE_MODULES = YES;
				CLANG_ENABLE_OBJC_ARC = YES;
				CLANG_ENABLE_OBJC_WEAK = YES;
				CLANG_WARN_BLOCK_CAPTURE_AUTORELEASING = YES;
				CLANG_WARN_BOOL_CONVERSION = YES;
				CLANG_WARN_COMMA = YES;
				CLANG_WARN_CONSTANT_CONVERSION = YES;
				CLANG_WARN_DEPRECATED_OBJC_IMPLEMENTATIONS = YES;
				CLANG_WARN_DIRECT_OBJC_ISA_USAGE = YES_ERROR;
				CLANG_WARN_DOCUMENTATION_COMMENTS = YES;
				CLANG_WARN_EMPTY_BODY = YES;
				CLANG_WARN_ENUM_CONVERSION = YES;
				CLANG_WARN_INFINITE_RECURSION = YES;
				CLANG_WARN_INT_CONVERSION = YES;
				CLANG_WARN_NON_LITERAL_NULL_CONVERSION = YES;
				CLANG_WARN_OBJC_IMPLICIT_RETAIN_SELF = YES;
				CLANG_WARN_OBJC_LITERAL_CONVERSION = YES;
				CLANG_WARN_OBJC_ROOT_CLASS = YES_ERROR;
				CLANG_WARN_QUOTED_INCLUDE_IN_FRAMEWORK_HEADER = YES;
				CLANG_WARN_RANGE_LOOP_ANALYSIS = YES;
				CLANG_WARN_STRICT_PROTOTYPES = YES;
				CLANG_WARN_SUSPICIOUS_MOVE = YES;
				CLANG_WARN_UNGUARDED_AVAILABILITY = YES_AGGRESSIVE;
				CLANG_WARN_UNREACHABLE_CODE = YES;
				CLANG_WARN__DUPLICATE_METHOD_MATCH = YES;
				COPY_PHASE_STRIP = NO;
				DEBUG_INFORMATION_FORMAT = dwarf;
				ENABLE_STRICT_OBJC_MSGSEND = YES;
				ENABLE_TESTABILITY = YES;
				ENABLE_USER_SCRIPT_SANDBOXING = YES;
				GCC_C_LANGUAGE_STANDARD = gnu17;
				GCC_DYNAMIC_NO_PIC = NO;
				GCC_NO_COMMON_BLOCKS = YES;
				GCC_OPTIMIZATION_LEVEL = 0;
				GCC_PREPROCESSOR_DEFINITIONS = (
					"DEBUG=1",
					"$(inherited)",
				);
				GCC_WARN_64_TO_32_BIT_CONVERSION = YES;
				GCC_WARN_ABOUT_RETURN_TYPE = YES_ERROR;
				GCC_WARN_UNDECLARED_SELECTOR = YES;
				GCC_WARN_UNINITIALIZED_AUTOS = YES_AGGRESSIVE;
				GCC_WARN_UNUSED_FUNCTION = YES;
				GCC_WARN_UNUSED_VARIABLE = YES;
				IPHONEOS_DEPLOYMENT_TARGET = 26.1;
				LOCALIZATION_PREFERS_STRING_CATALOGS = YES;
				MTL_ENABLE_DEBUG_INFO = INCLUDE_SOURCE;
				MTL_FAST_MATH = YES;
				ONLY_ACTIVE_ARCH = YES;
				SDKROOT = iphoneos;
				SWIFT_ACTIVE_COMPILATION_CONDITIONS = "DEBUG $(inherited)";
				SWIFT_OPTIMIZATION_LEVEL = "-Onone";
			};
			name = Debug;
		};
		2436B73A2F31198C00F6E27E /* Release */ = {
			isa = XCBuildConfiguration;
			buildSettings = {
				ALWAYS_SEARCH_USER_PATHS = NO;
				ASSETCATALOG_COMPILER_GENERATE_SWIFT_ASSET_SYMBOL_EXTENSIONS = YES;
				CLANG_ANALYZER_NONNULL = YES;
				CLANG_ANALYZER_NUMBER_OBJECT_CONVERSION = YES_AGGRESSIVE;
				CLANG_CXX_LANGUAGE_STANDARD = "gnu++20";
				CLANG_ENABLE_MODULES = YES;
				CLANG_ENABLE_OBJC_ARC = YES;
				CLANG_ENABLE_OBJC_WEAK = YES;
				CLANG_WARN_BLOCK_CAPTURE_AUTORELEASING = YES;
				CLANG_WARN_BOOL_CONVERSION = YES;
				CLANG_WARN_COMMA = YES;
				CLANG_WARN_CONSTANT_CONVERSION = YES;
				CLANG_WARN_DEPRECATED_OBJC_IMPLEMENTATIONS = YES;
				CLANG_WARN_DIRECT_OBJC_ISA_USAGE = YES_ERROR;
				CLANG_WARN_DOCUMENTATION_COMMENTS = YES;
				CLANG_WARN_EMPTY_BODY = YES;
				CLANG_WARN_ENUM_CONVERSION = YES;
				CLANG_WARN_INFINITE_RECURSION = YES;
				CLANG_WARN_INT_CONVERSION = YES;
				CLANG_WARN_NON_LITERAL_NULL_CONVERSION = YES;
				CLANG_WARN_OBJC_IMPLICIT_RETAIN_SELF = YES;
				CLANG_WARN_OBJC_LITERAL_CONVERSION = YES;
				CLANG_WARN_OBJC_ROOT_CLASS = YES_ERROR;
				CLANG_WARN_QUOTED_INCLUDE_IN_FRAMEWORK_HEADER = YES;
				CLANG_WARN_RANGE_LOOP_ANALYSIS = YES;
				CLANG_WARN_STRICT_PROTOTYPES = YES;
				CLANG_WARN_SUSPICIOUS_MOVE = YES;
				CLANG_WARN_UNGUARDED_AVAILABILITY = YES_AGGRESSIVE;
				CLANG_WARN_UNREACHABLE_CODE = YES;
				CLANG_WARN__DUPLICATE_METHOD_MATCH = YES;
				COPY_PHASE_STRIP = NO;
				DEBUG_INFORMATION_FORMAT = "dwarf-with-dsym";
				ENABLE_NS_ASSERTIONS = NO;
				ENABLE_STRICT_OBJC_MSGSEND = YES;
				ENABLE_USER_SCRIPT_SANDBOXING = YES;
				GCC_C_LANGUAGE_STANDARD = gnu17;
				GCC_NO_COMMON_BLOCKS = YES;
				GCC_WARN_64_TO_32_BIT_CONVERSION = YES;
				GCC_WARN_ABOUT_RETURN_TYPE = YES_ERROR;
				GCC_WARN_UNDECLARED_SELECTOR = YES;
				GCC_WARN_UNINITIALIZED_AUTOS = YES_AGGRESSIVE;
				GCC_WARN_UNUSED_FUNCTION = YES;
				GCC_WARN_UNUSED_VARIABLE = YES;
				IPHONEOS_DEPLOYMENT_TARGET = 26.1;
				LOCALIZATION_PREFERS_STRING_CATALOGS = YES;
				MTL_ENABLE_DEBUG_INFO = NO;
				MTL_FAST_MATH = YES;
				SDKROOT = iphoneos;
				SWIFT_COMPILATION_MODE = wholemodule;
				VALIDATE_PRODUCT = YES;
			};
			name = Release;
		};
		2436B73C2F31198C00F6E27E /* Debug */ = {
			isa = XCBuildConfiguration;
			buildSettings = {
				ASSETCATALOG_COMPILER_APPICON_NAME = AppIcon;
				ASSETCATALOG_COMPILER_GLOBAL_ACCENT_COLOR_NAME = AccentColor;
				CODE_SIGN_STYLE = Automatic;
				CURRENT_PROJECT_VERSION = 1;
				ENABLE_PREVIEWS = YES;
				GENERATE_INFOPLIST_FILE = YES;
				INFOPLIST_FILE = WeatherAppAssignment/Info.plist;
				INFOPLIST_KEY_NSLocationWhenInUseUsageDescription = "We use your location to show local weather conditions\nWe use your location to show local weather conditions\nWe use your location to show local weather conditions\nwe use your location to show local weather";
				INFOPLIST_KEY_UIApplicationSceneManifest_Generation = YES;
				INFOPLIST_KEY_UIApplicationSupportsIndirectInputEvents = YES;
				INFOPLIST_KEY_UILaunchScreen_Generation = YES;
				INFOPLIST_KEY_UISupportedInterfaceOrientations_iPad = "UIInterfaceOrientationPortrait UIInterfaceOrientationPortraitUpsideDown UIInterfaceOrientationLandscapeLeft UIInterfaceOrientationLandscapeRight";
				INFOPLIST_KEY_UISupportedInterfaceOrientations_iPhone = "UIInterfaceOrientationPortrait UIInterfaceOrientationLandscapeLeft UIInterfaceOrientationLandscapeRight";
				LD_RUNPATH_SEARCH_PATHS = (
					"$(inherited)",
					"@executable_path/Frameworks",
				);
				MARKETING_VERSION = 1.0;
				PRODUCT_BUNDLE_IDENTIFIER = JPMorgan.WeatherAppAssignment;
				PRODUCT_NAME = "$(TARGET_NAME)";
				STRING_CATALOG_GENERATE_SYMBOLS = YES;
				SWIFT_APPROACHABLE_CONCURRENCY = YES;
				SWIFT_DEFAULT_ACTOR_ISOLATION = MainActor;
				SWIFT_EMIT_LOC_STRINGS = YES;
				SWIFT_UPCOMING_FEATURE_MEMBER_IMPORT_VISIBILITY = YES;
				SWIFT_VERSION = 5.0;
				TARGETED_DEVICE_FAMILY = "1,2";
			};
			name = Debug;
		};
		2436B73D2F31198C00F6E27E /* Release */ = {
			isa = XCBuildConfiguration;
			buildSettings = {
				ASSETCATALOG_COMPILER_APPICON_NAME = AppIcon;
				ASSETCATALOG_COMPILER_GLOBAL_ACCENT_COLOR_NAME = AccentColor;
				CODE_SIGN_STYLE = Automatic;
				CURRENT_PROJECT_VERSION = 1;
				ENABLE_PREVIEWS = YES;
				GENERATE_INFOPLIST_FILE = YES;
				INFOPLIST_FILE = WeatherAppAssignment/Info.plist;
				INFOPLIST_KEY_NSLocationWhenInUseUsageDescription = "We use your location to show local weather conditions\nWe use your location to show local weather conditions\nWe use your location to show local weather conditions\nwe use your location to show local weather";
				INFOPLIST_KEY_UIApplicationSceneManifest_Generation = YES;
				INFOPLIST_KEY_UIApplicationSupportsIndirectInputEvents = YES;
				INFOPLIST_KEY_UILaunchScreen_Generation = YES;
				INFOPLIST_KEY_UISupportedInterfaceOrientations_iPad = "UIInterfaceOrientationPortrait UIInterfaceOrientationPortraitUpsideDown UIInterfaceOrientationLandscapeLeft UIInterfaceOrientationLandscapeRight";
				INFOPLIST_KEY_UISupportedInterfaceOrientations_iPhone = "UIInterfaceOrientationPortrait UIInterfaceOrientationLandscapeLeft UIInterfaceOrientationLandscapeRight";
				LD_RUNPATH_SEARCH_PATHS = (
					"$(inherited)",
					"@executable_path/Frameworks",
				);
				MARKETING_VERSION = 1.0;
				PRODUCT_BUNDLE_IDENTIFIER = JPMorgan.WeatherAppAssignment;
				PRODUCT_NAME = "$(TARGET_NAME)";
				STRING_CATALOG_GENERATE_SYMBOLS = YES;
				SWIFT_APPROACHABLE_CONCURRENCY = YES;
				SWIFT_DEFAULT_ACTOR_ISOLATION = MainActor;
				SWIFT_EMIT_LOC_STRINGS = YES;
				SWIFT_UPCOMING_FEATURE_MEMBER_IMPORT_VISIBILITY = YES;
				SWIFT_VERSION = 5.0;
				TARGETED_DEVICE_FAMILY = "1,2";
			};
			name = Release;
		};
		2436B73F2F31198C00F6E27E /* Debug */ = {
			isa = XCBuildConfiguration;
			buildSettings = {
				BUNDLE_LOADER = "$(TEST_HOST)";
				CODE_SIGN_STYLE = Automatic;
				CURRENT_PROJECT_VERSION = 1;
				GENERATE_INFOPLIST_FILE = YES;
				IPHONEOS_DEPLOYMENT_TARGET = 26.1;
				MARKETING_VERSION = 1.0;
				PRODUCT_BUNDLE_IDENTIFIER = JPMorgan.WeatherAppAssignmentTests;
				PRODUCT_NAME = "$(TARGET_NAME)";
				STRING_CATALOG_GENERATE_SYMBOLS = NO;
				SWIFT_APPROACHABLE_CONCURRENCY = YES;
				SWIFT_EMIT_LOC_STRINGS = NO;
				SWIFT_UPCOMING_FEATURE_MEMBER_IMPORT_VISIBILITY = YES;
				SWIFT_VERSION = 5.0;
				TARGETED_DEVICE_FAMILY = "1,2";
				TEST_HOST = "$(BUILT_PRODUCTS_DIR)/WeatherAppAssignment.app/$(BUNDLE_EXECUTABLE_FOLDER_PATH)/WeatherAppAssignment";
			};
			name = Debug;
		};
		2436B7402F31198C00F6E27E /* Release */ = {
			isa = XCBuildConfiguration;
			buildSettings = {
				BUNDLE_LOADER = "$(TEST_HOST)";
				CODE_SIGN_STYLE = Automatic;
				CURRENT_PROJECT_VERSION = 1;
				GENERATE_INFOPLIST_FILE = YES;
				IPHONEOS_DEPLOYMENT_TARGET = 26.1;
				MARKETING_VERSION = 1.0;
				PRODUCT_BUNDLE_IDENTIFIER = JPMorgan.WeatherAppAssignmentTests;
				PRODUCT_NAME = "$(TARGET_NAME)";
				STRING_CATALOG_GENERATE_SYMBOLS = NO;
				SWIFT_APPROACHABLE_CONCURRENCY = YES;
				SWIFT_EMIT_LOC_STRINGS = NO;
				SWIFT_UPCOMING_FEATURE_MEMBER_IMPORT_VISIBILITY = YES;
				SWIFT_VERSION = 5.0;
				TARGETED_DEVICE_FAMILY = "1,2";
				TEST_HOST = "$(BUILT_PRODUCTS_DIR)/WeatherAppAssignment.app/$(BUNDLE_EXECUTABLE_FOLDER_PATH)/WeatherAppAssignment";
			};
			name = Release;
		};
		2436B7422F31198C00F6E27E /* Debug */ = {
			isa = XCBuildConfiguration;
			buildSettings = {
				CODE_SIGN_STYLE = Automatic;
				CURRENT_PROJECT_VERSION = 1;
				GENERATE_INFOPLIST_FILE = YES;
				MARKETING_VERSION = 1.0;
				PRODUCT_BUNDLE_IDENTIFIER = JPMorgan.WeatherAppAssignmentUITests;
				PRODUCT_NAME = "$(TARGET_NAME)";
				STRING_CATALOG_GENERATE_SYMBOLS = NO;
				SWIFT_APPROACHABLE_CONCURRENCY = YES;
				SWIFT_EMIT_LOC_STRINGS = NO;
				SWIFT_UPCOMING_FEATURE_MEMBER_IMPORT_VISIBILITY = YES;
				SWIFT_VERSION = 5.0;
				TARGETED_DEVICE_FAMILY = "1,2";
				TEST_TARGET_NAME = WeatherAppAssignment;
			};
			name = Debug;
		};
		2436B7432F31198C00F6E27E /* Release */ = {
			isa = XCBuildConfiguration;
			buildSettings = {
				CODE_SIGN_STYLE = Automatic;
				CURRENT_PROJECT_VERSION = 1;
				GENERATE_INFOPLIST_FILE = YES;
				MARKETING_VERSION = 1.0;
				PRODUCT_BUNDLE_IDENTIFIER = JPMorgan.WeatherAppAssignmentUITests;
				PRODUCT_NAME = "$(TARGET_NAME)";
				STRING_CATALOG_GENERATE_SYMBOLS = NO;
				SWIFT_APPROACHABLE_CONCURRENCY = YES;
				SWIFT_EMIT_LOC_STRINGS = NO;
				SWIFT_UPCOMING_FEATURE_MEMBER_IMPORT_VISIBILITY = YES;
				SWIFT_VERSION = 5.0;
				TARGETED_DEVICE_FAMILY = "1,2";
				TEST_TARGET_NAME = WeatherAppAssignment;
			};
			name = Release;
		};
/* End XCBuildConfiguration section */

/* Begin XCConfigurationList section */
		2436B7152F31198A00F6E27E /* Build configuration list for PBXProject "WeatherAppAssignment" */ = {
			isa = XCConfigurationList;
			buildConfigurations = (
				2436B7392F31198C00F6E27E /* Debug */,
				2436B73A2F31198C00F6E27E /* Release */,
			);
			defaultConfigurationIsVisible = 0;
			defaultConfigurationName = Release;
		};
		2436B73B2F31198C00F6E27E /* Build configuration list for PBXNativeTarget "WeatherAppAssignment" */ = {
			isa = XCConfigurationList;
			buildConfigurations = (
				2436B73C2F31198C00F6E27E /* Debug */,
				2436B73D2F31198C00F6E27E /* Release */,
			);
			defaultConfigurationIsVisible = 0;
			defaultConfigurationName = Release;
		};
		2436B73E2F31198C00F6E27E /* Build configuration list for PBXNativeTarget "WeatherAppAssignmentTests" */ = {
			isa = XCConfigurationList;
			buildConfigurations = (
				2436B73F2F31198C00F6E27E /* Debug */,
				2436B7402F31198C00F6E27E /* Release */,
			);
			defaultConfigurationIsVisible = 0;
			defaultConfigurationName = Release;
		};
		2436B7412F31198C00F6E27E /* Build configuration list for PBXNativeTarget "WeatherAppAssignmentUITests" */ = {
			isa = XCConfigurationList;
			buildConfigurations = (
				2436B7422F31198C00F6E27E /* Debug */,
				2436B7432F31198C00F6E27E /* Release */,
			);
			defaultConfigurationIsVisible = 0;
			defaultConfigurationName = Release;
		};
/* End XCConfigurationList section */
	};
	rootObject = 2436B7122F31198A00F6E27E /* Project object */;
}
